
Microsoft Visual Studio Solution File, Format Version 12.00
# Visual Studio Version 17
VisualStudioVersion = 17.7.34221.43
MinimumVisualStudioVersion = 10.0.40219.1
Project("{FAE04EC0-301F-11D3-BF4B-00C04F79EFBC}") = "work 2", "work 2\work 2.csproj", "{CC64E25F-2157-499A-BA6A-E77C82FD1C8C}"
EndProject
Global
	GlobalSection(SolutionConfigurationPlatforms) = preSolution
		Debug|Any CPU = Debug|Any CPU
		Release|Any CPU = Release|Any CPU
	EndGlobalSection
	GlobalSection(ProjectConfigurationPlatforms) = postSolution
		{CC64E25F-2157-499A-BA6A-E77C82FD1C8C}.Debug|Any CPU.ActiveCfg = Debug|Any CPU
		{CC64E25F-2157-499A-BA6A-E77C82FD1C8C}.Debug|Any CPU.Build.0 = Debug|Any CPU
		{CC64E25F-2157-499A-BA6A-E77C82FD1C8C}.Release|Any CPU.ActiveCfg = Release|Any CPU
		{CC64E25F-2157-499A-BA6A-E77C82FD1C8C}.Release|Any CPU.Build.0 = Release|Any CPU
	EndGlobalSection
	GlobalSection(SolutionProperties) = preSolution
		HideSolutionNode = FALSE
	EndGlobalSection
	GlobalSection(ExtensibilityGlobals) = postSolution
		SolutionGuid = {D5AEFB80-5140-4A18-90CA-F7BDBD68E531}
	EndGlobalSection
EndGlobal
