
Microsoft Visual Studio Solution File, Format Version 12.00
# Visual Studio Version 17
VisualStudioVersion = 17.7.34221.43
MinimumVisualStudioVersion = 10.0.40219.1
Project("{FAE04EC0-301F-11D3-BF4B-00C04F79EFBC}") = "task3-2", "task3-2.csproj", "{161DE10C-5BEF-497F-B115-49CED98A51A6}"
EndProject
Global
	GlobalSection(SolutionConfigurationPlatforms) = preSolution
		Debug|Any CPU = Debug|Any CPU
		Release|Any CPU = Release|Any CPU
	EndGlobalSection
	GlobalSection(ProjectConfigurationPlatforms) = postSolution
		{161DE10C-5BEF-497F-B115-49CED98A51A6}.Debug|Any CPU.ActiveCfg = Debug|Any CPU
		{161DE10C-5BEF-497F-B115-49CED98A51A6}.Debug|Any CPU.Build.0 = Debug|Any CPU
		{161DE10C-5BEF-497F-B115-49CED98A51A6}.Release|Any CPU.ActiveCfg = Release|Any CPU
		{161DE10C-5BEF-497F-B115-49CED98A51A6}.Release|Any CPU.Build.0 = Release|Any CPU
	EndGlobalSection
	GlobalSection(SolutionProperties) = preSolution
		HideSolutionNode = FALSE
	EndGlobalSection
	GlobalSection(ExtensibilityGlobals) = postSolution
		SolutionGuid = {0819AD14-4286-482F-9F93-8FA504CA0808}
	EndGlobalSection
EndGlobal
