
Microsoft Visual Studio Solution File, Format Version 12.00
# Visual Studio Version 17
VisualStudioVersion = 17.7.34221.43
MinimumVisualStudioVersion = 10.0.40219.1
Project("{FAE04EC0-301F-11D3-BF4B-00C04F79EFBC}") = "FailingRoks", "FailingRoks.csproj", "{F682F0BE-6EDF-4E15-AA66-AF1C6186F0E9}"
EndProject
Global
	GlobalSection(SolutionConfigurationPlatforms) = preSolution
		Debug|Any CPU = Debug|Any CPU
		Release|Any CPU = Release|Any CPU
	EndGlobalSection
	GlobalSection(ProjectConfigurationPlatforms) = postSolution
		{F682F0BE-6EDF-4E15-AA66-AF1C6186F0E9}.Debug|Any CPU.ActiveCfg = Debug|Any CPU
		{F682F0BE-6EDF-4E15-AA66-AF1C6186F0E9}.Debug|Any CPU.Build.0 = Debug|Any CPU
		{F682F0BE-6EDF-4E15-AA66-AF1C6186F0E9}.Release|Any CPU.ActiveCfg = Release|Any CPU
		{F682F0BE-6EDF-4E15-AA66-AF1C6186F0E9}.Release|Any CPU.Build.0 = Release|Any CPU
	EndGlobalSection
	GlobalSection(SolutionProperties) = preSolution
		HideSolutionNode = FALSE
	EndGlobalSection
	GlobalSection(ExtensibilityGlobals) = postSolution
		SolutionGuid = {67A483B8-191C-4721-96CF-340F8F0E523C}
	EndGlobalSection
EndGlobal
