
Microsoft Visual Studio Solution File, Format Version 12.00
# Visual Studio Version 17
VisualStudioVersion = 17.7.34221.43
MinimumVisualStudioVersion = 10.0.40219.1
Project("{FAE04EC0-301F-11D3-BF4B-00C04F79EFBC}") = "Thursday_Work_Object_Clases", "Thursday_Work_Object_Clases.csproj", "{4896FA6D-29FB-424D-B7E9-449EC565E357}"
EndProject
Global
	GlobalSection(SolutionConfigurationPlatforms) = preSolution
		Debug|Any CPU = Debug|Any CPU
		Release|Any CPU = Release|Any CPU
	EndGlobalSection
	GlobalSection(ProjectConfigurationPlatforms) = postSolution
		{4896FA6D-29FB-424D-B7E9-449EC565E357}.Debug|Any CPU.ActiveCfg = Debug|Any CPU
		{4896FA6D-29FB-424D-B7E9-449EC565E357}.Debug|Any CPU.Build.0 = Debug|Any CPU
		{4896FA6D-29FB-424D-B7E9-449EC565E357}.Release|Any CPU.ActiveCfg = Release|Any CPU
		{4896FA6D-29FB-424D-B7E9-449EC565E357}.Release|Any CPU.Build.0 = Release|Any CPU
	EndGlobalSection
	GlobalSection(SolutionProperties) = preSolution
		HideSolutionNode = FALSE
	EndGlobalSection
	GlobalSection(ExtensibilityGlobals) = postSolution
		SolutionGuid = {92E19EC6-CCA9-4878-A7CA-0DDB572AE57C}
	EndGlobalSection
EndGlobal
