
Microsoft Visual Studio Solution File, Format Version 12.00
# Visual Studio Version 17
VisualStudioVersion = 17.7.34221.43
MinimumVisualStudioVersion = 10.0.40219.1
Project("{FAE04EC0-301F-11D3-BF4B-00C04F79EFBC}") = "Sets", "Sets.csproj", "{828F5DF6-A492-4CDD-952B-B1245CCA9CF4}"
EndProject
Global
	GlobalSection(SolutionConfigurationPlatforms) = preSolution
		Debug|Any CPU = Debug|Any CPU
		Release|Any CPU = Release|Any CPU
	EndGlobalSection
	GlobalSection(ProjectConfigurationPlatforms) = postSolution
		{828F5DF6-A492-4CDD-952B-B1245CCA9CF4}.Debug|Any CPU.ActiveCfg = Debug|Any CPU
		{828F5DF6-A492-4CDD-952B-B1245CCA9CF4}.Debug|Any CPU.Build.0 = Debug|Any CPU
		{828F5DF6-A492-4CDD-952B-B1245CCA9CF4}.Release|Any CPU.ActiveCfg = Release|Any CPU
		{828F5DF6-A492-4CDD-952B-B1245CCA9CF4}.Release|Any CPU.Build.0 = Release|Any CPU
	EndGlobalSection
	GlobalSection(SolutionProperties) = preSolution
		HideSolutionNode = FALSE
	EndGlobalSection
	GlobalSection(ExtensibilityGlobals) = postSolution
		SolutionGuid = {5C34D4FD-9888-4027-AF8C-151FCD7109F0}
	EndGlobalSection
EndGlobal
