
Microsoft Visual Studio Solution File, Format Version 12.00
# Visual Studio Version 17
VisualStudioVersion = 17.7.34221.43
MinimumVisualStudioVersion = 10.0.40219.1
Project("{FAE04EC0-301F-11D3-BF4B-00C04F79EFBC}") = "Task2", "Task2.csproj", "{32C02D2D-4726-4051-B4D7-32805BB93507}"
EndProject
Global
	GlobalSection(SolutionConfigurationPlatforms) = preSolution
		Debug|Any CPU = Debug|Any CPU
		Release|Any CPU = Release|Any CPU
	EndGlobalSection
	GlobalSection(ProjectConfigurationPlatforms) = postSolution
		{32C02D2D-4726-4051-B4D7-32805BB93507}.Debug|Any CPU.ActiveCfg = Debug|Any CPU
		{32C02D2D-4726-4051-B4D7-32805BB93507}.Debug|Any CPU.Build.0 = Debug|Any CPU
		{32C02D2D-4726-4051-B4D7-32805BB93507}.Release|Any CPU.ActiveCfg = Release|Any CPU
		{32C02D2D-4726-4051-B4D7-32805BB93507}.Release|Any CPU.Build.0 = Release|Any CPU
	EndGlobalSection
	GlobalSection(SolutionProperties) = preSolution
		HideSolutionNode = FALSE
	EndGlobalSection
	GlobalSection(ExtensibilityGlobals) = postSolution
		SolutionGuid = {D4541EA2-5005-435B-ABE1-47562AB262BC}
	EndGlobalSection
EndGlobal
