
Microsoft Visual Studio Solution File, Format Version 12.00
# Visual Studio Version 17
VisualStudioVersion = 17.7.34221.43
MinimumVisualStudioVersion = 10.0.40219.1
Project("{FAE04EC0-301F-11D3-BF4B-00C04F79EFBC}") = "SecondWork", "SecondWork\SecondWork.csproj", "{913AB8BB-7D9E-4C4E-97A8-653B5D91CC4E}"
EndProject
Global
	GlobalSection(SolutionConfigurationPlatforms) = preSolution
		Debug|Any CPU = Debug|Any CPU
		Release|Any CPU = Release|Any CPU
	EndGlobalSection
	GlobalSection(ProjectConfigurationPlatforms) = postSolution
		{913AB8BB-7D9E-4C4E-97A8-653B5D91CC4E}.Debug|Any CPU.ActiveCfg = Debug|Any CPU
		{913AB8BB-7D9E-4C4E-97A8-653B5D91CC4E}.Debug|Any CPU.Build.0 = Debug|Any CPU
		{913AB8BB-7D9E-4C4E-97A8-653B5D91CC4E}.Release|Any CPU.ActiveCfg = Release|Any CPU
		{913AB8BB-7D9E-4C4E-97A8-653B5D91CC4E}.Release|Any CPU.Build.0 = Release|Any CPU
	EndGlobalSection
	GlobalSection(SolutionProperties) = preSolution
		HideSolutionNode = FALSE
	EndGlobalSection
	GlobalSection(ExtensibilityGlobals) = postSolution
		SolutionGuid = {18772E79-6D36-4CB1-BF08-06542A58F0CE}
	EndGlobalSection
EndGlobal
