
Microsoft Visual Studio Solution File, Format Version 12.00
# Visual Studio Version 17
VisualStudioVersion = 17.7.34221.43
MinimumVisualStudioVersion = 10.0.40219.1
Project("{FAE04EC0-301F-11D3-BF4B-00C04F79EFBC}") = "thirdExam_Function", "thirdExam_Function.csproj", "{89A00547-367E-44A5-9CAC-48E8AD2EE34C}"
EndProject
Global
	GlobalSection(SolutionConfigurationPlatforms) = preSolution
		Debug|Any CPU = Debug|Any CPU
		Release|Any CPU = Release|Any CPU
	EndGlobalSection
	GlobalSection(ProjectConfigurationPlatforms) = postSolution
		{89A00547-367E-44A5-9CAC-48E8AD2EE34C}.Debug|Any CPU.ActiveCfg = Debug|Any CPU
		{89A00547-367E-44A5-9CAC-48E8AD2EE34C}.Debug|Any CPU.Build.0 = Debug|Any CPU
		{89A00547-367E-44A5-9CAC-48E8AD2EE34C}.Release|Any CPU.ActiveCfg = Release|Any CPU
		{89A00547-367E-44A5-9CAC-48E8AD2EE34C}.Release|Any CPU.Build.0 = Release|Any CPU
	EndGlobalSection
	GlobalSection(SolutionProperties) = preSolution
		HideSolutionNode = FALSE
	EndGlobalSection
	GlobalSection(ExtensibilityGlobals) = postSolution
		SolutionGuid = {673313B2-D0F9-46A7-A4EE-F59F6D3ED9AE}
	EndGlobalSection
EndGlobal
