
Microsoft Visual Studio Solution File, Format Version 12.00
# Visual Studio Version 17
VisualStudioVersion = 17.7.34221.43
MinimumVisualStudioVersion = 10.0.40219.1
Project("{FAE04EC0-301F-11D3-BF4B-00C04F79EFBC}") = "RepeatString", "RepeatString.csproj", "{70111C2F-546E-463D-BE6C-9B3B72486C06}"
EndProject
Global
	GlobalSection(SolutionConfigurationPlatforms) = preSolution
		Debug|Any CPU = Debug|Any CPU
		Release|Any CPU = Release|Any CPU
	EndGlobalSection
	GlobalSection(ProjectConfigurationPlatforms) = postSolution
		{70111C2F-546E-463D-BE6C-9B3B72486C06}.Debug|Any CPU.ActiveCfg = Debug|Any CPU
		{70111C2F-546E-463D-BE6C-9B3B72486C06}.Debug|Any CPU.Build.0 = Debug|Any CPU
		{70111C2F-546E-463D-BE6C-9B3B72486C06}.Release|Any CPU.ActiveCfg = Release|Any CPU
		{70111C2F-546E-463D-BE6C-9B3B72486C06}.Release|Any CPU.Build.0 = Release|Any CPU
	EndGlobalSection
	GlobalSection(SolutionProperties) = preSolution
		HideSolutionNode = FALSE
	EndGlobalSection
	GlobalSection(ExtensibilityGlobals) = postSolution
		SolutionGuid = {4A88CB04-345C-4EE0-852C-40718EA7D8F1}
	EndGlobalSection
EndGlobal
