
Microsoft Visual Studio Solution File, Format Version 12.00
# Visual Studio Version 17
VisualStudioVersion = 17.7.34221.43
MinimumVisualStudioVersion = 10.0.40219.1
Project("{FAE04EC0-301F-11D3-BF4B-00C04F79EFBC}") = "FilterBtAge", "FilterBtAge.csproj", "{6EB96978-ED49-4DD9-A8E8-2114A1964DFA}"
EndProject
Global
	GlobalSection(SolutionConfigurationPlatforms) = preSolution
		Debug|Any CPU = Debug|Any CPU
		Release|Any CPU = Release|Any CPU
	EndGlobalSection
	GlobalSection(ProjectConfigurationPlatforms) = postSolution
		{6EB96978-ED49-4DD9-A8E8-2114A1964DFA}.Debug|Any CPU.ActiveCfg = Debug|Any CPU
		{6EB96978-ED49-4DD9-A8E8-2114A1964DFA}.Debug|Any CPU.Build.0 = Debug|Any CPU
		{6EB96978-ED49-4DD9-A8E8-2114A1964DFA}.Release|Any CPU.ActiveCfg = Release|Any CPU
		{6EB96978-ED49-4DD9-A8E8-2114A1964DFA}.Release|Any CPU.Build.0 = Release|Any CPU
	EndGlobalSection
	GlobalSection(SolutionProperties) = preSolution
		HideSolutionNode = FALSE
	EndGlobalSection
	GlobalSection(ExtensibilityGlobals) = postSolution
		SolutionGuid = {550E1899-3042-4523-805E-BE3460725107}
	EndGlobalSection
EndGlobal
