
Microsoft Visual Studio Solution File, Format Version 12.00
# Visual Studio Version 17
VisualStudioVersion = 17.7.34221.43
MinimumVisualStudioVersion = 10.0.40219.1
Project("{FAE04EC0-301F-11D3-BF4B-00C04F79EFBC}") = "SumAdjacentEqualNumbers", "SumAdjacentEqualNumbers\SumAdjacentEqualNumbers.csproj", "{387B4917-B060-4904-BEC7-4BD411A07FFC}"
EndProject
Global
	GlobalSection(SolutionConfigurationPlatforms) = preSolution
		Debug|Any CPU = Debug|Any CPU
		Release|Any CPU = Release|Any CPU
	EndGlobalSection
	GlobalSection(ProjectConfigurationPlatforms) = postSolution
		{387B4917-B060-4904-BEC7-4BD411A07FFC}.Debug|Any CPU.ActiveCfg = Debug|Any CPU
		{387B4917-B060-4904-BEC7-4BD411A07FFC}.Debug|Any CPU.Build.0 = Debug|Any CPU
		{387B4917-B060-4904-BEC7-4BD411A07FFC}.Release|Any CPU.ActiveCfg = Release|Any CPU
		{387B4917-B060-4904-BEC7-4BD411A07FFC}.Release|Any CPU.Build.0 = Release|Any CPU
	EndGlobalSection
	GlobalSection(SolutionProperties) = preSolution
		HideSolutionNode = FALSE
	EndGlobalSection
	GlobalSection(ExtensibilityGlobals) = postSolution
		SolutionGuid = {B29AEB48-2B3C-4A67-9FBE-926615607B18}
	EndGlobalSection
EndGlobal
